
Microsoft Visual Studio Solution File, Format Version 12.00
# Visual Studio 2012
Project("{FAE04EC0-301F-11D3-BF4B-00C04F79EFBC}") = "WPFAsync", "WPFAsync\WPFAsync.csproj", "{57ABDF19-9C02-4A61-B380-5A67E3C56896}"
EndProject
Project("{FAE04EC0-301F-11D3-BF4B-00C04F79EFBC}") = "WpfAsyncSimple", "WpfAsyncSimple\WpfAsyncSimple.csproj", "{B733F619-CE84-4822-8A0C-9561D4015850}"
EndProject
Global
	GlobalSection(SolutionConfigurationPlatforms) = preSolution
		Debug|Any CPU = Debug|Any CPU
		Release|Any CPU = Release|Any CPU
	EndGlobalSection
	GlobalSection(ProjectConfigurationPlatforms) = postSolution
		{57ABDF19-9C02-4A61-B380-5A67E3C56896}.Debug|Any CPU.ActiveCfg = Debug|Any CPU
		{57ABDF19-9C02-4A61-B380-5A67E3C56896}.Debug|Any CPU.Build.0 = Debug|Any CPU
		{57ABDF19-9C02-4A61-B380-5A67E3C56896}.Release|Any CPU.ActiveCfg = Release|Any CPU
		{57ABDF19-9C02-4A61-B380-5A67E3C56896}.Release|Any CPU.Build.0 = Release|Any CPU
		{B733F619-CE84-4822-8A0C-9561D4015850}.Debug|Any CPU.ActiveCfg = Debug|Any CPU
		{B733F619-CE84-4822-8A0C-9561D4015850}.Debug|Any CPU.Build.0 = Debug|Any CPU
		{B733F619-CE84-4822-8A0C-9561D4015850}.Release|Any CPU.ActiveCfg = Release|Any CPU
		{B733F619-CE84-4822-8A0C-9561D4015850}.Release|Any CPU.Build.0 = Release|Any CPU
	EndGlobalSection
	GlobalSection(SolutionProperties) = preSolution
		HideSolutionNode = FALSE
	EndGlobalSection
EndGlobal
